
Microsoft Visual Studio Solution File, Format Version 12.00
# Visual Studio 15
VisualStudioVersion = 15.0.28307.489
MinimumVisualStudioVersion = 10.0.40219.1
Project("{FAE04EC0-301F-11D3-BF4B-00C04F79EFBC}") = "DenaryBinaryHexOctalGUIVer", "DenaryBinaryHexOctalGUIVer\DenaryBinaryHexOctalGUIVer.csproj", "{60ACFF0C-ECB6-4954-8531-E24E6B40D831}"
EndProject
Global
	GlobalSection(SolutionConfigurationPlatforms) = preSolution
		Debug|Any CPU = Debug|Any CPU
		Release|Any CPU = Release|Any CPU
	EndGlobalSection
	GlobalSection(ProjectConfigurationPlatforms) = postSolution
		{60ACFF0C-ECB6-4954-8531-E24E6B40D831}.Debug|Any CPU.ActiveCfg = Debug|Any CPU
		{60ACFF0C-ECB6-4954-8531-E24E6B40D831}.Debug|Any CPU.Build.0 = Debug|Any CPU
		{60ACFF0C-ECB6-4954-8531-E24E6B40D831}.Release|Any CPU.ActiveCfg = Release|Any CPU
		{60ACFF0C-ECB6-4954-8531-E24E6B40D831}.Release|Any CPU.Build.0 = Release|Any CPU
	EndGlobalSection
	GlobalSection(SolutionProperties) = preSolution
		HideSolutionNode = FALSE
	EndGlobalSection
	GlobalSection(ExtensibilityGlobals) = postSolution
		SolutionGuid = {FAC65FB2-3B3B-42DA-8FE1-C4D639E3EC7B}
	EndGlobalSection
EndGlobal
